
Microsoft Visual Studio Solution File, Format Version 12.00
# Visual Studio 15
Project("{FAE04EC0-301F-11D3-BF4B-00C04F79EFBC}") = "Mirror", "Mirror.csproj", "{A3A658EE-43F5-ACFF-01D5-CFEA965EB6AB}"
EndProject
Project("{FAE04EC0-301F-11D3-BF4B-00C04F79EFBC}") = "Mirror.Cloud", "Mirror.Cloud.csproj", "{F1C58876-1E99-8A06-A58E-F38B65ACADBF}"
EndProject
Project("{FAE04EC0-301F-11D3-BF4B-00C04F79EFBC}") = "Mirror.Components", "Mirror.Components.csproj", "{B78DDEBF-0F16-F1A2-D8D7-67A3DB5060D5}"
EndProject
Project("{FAE04EC0-301F-11D3-BF4B-00C04F79EFBC}") = "Ninja.WebSockets", "Ninja.WebSockets.csproj", "{01D41665-8AE6-EF14-19EE-8640B7C05737}"
EndProject
Project("{FAE04EC0-301F-11D3-BF4B-00C04F79EFBC}") = "Mirror.Examples", "Mirror.Examples.csproj", "{B20577B1-E586-D518-7D15-22C01744A2F2}"
EndProject
Project("{FAE04EC0-301F-11D3-BF4B-00C04F79EFBC}") = "Mirror.Examples.Cloud.GUI", "Mirror.Examples.Cloud.GUI.csproj", "{FCDE5FBE-0C2C-F4AD-0598-854A97F2732F}"
EndProject
Project("{FAE04EC0-301F-11D3-BF4B-00C04F79EFBC}") = "Mirror.Examples.Cloud.Pong", "Mirror.Examples.Cloud.Pong.csproj", "{E48B0458-89BA-8105-E8EB-42F89D4768B7}"
EndProject
Project("{FAE04EC0-301F-11D3-BF4B-00C04F79EFBC}") = "Mirror.Authenticators", "Mirror.Authenticators.csproj", "{D65BD67F-B98F-1237-5B52-7D512265FF7D}"
EndProject
Project("{FAE04EC0-301F-11D3-BF4B-00C04F79EFBC}") = "Mirror.example.RigidbodyPhysics", "Mirror.example.RigidbodyPhysics.csproj", "{87B9EEBE-CFA7-C38A-A2D2-95EDDE1C34CC}"
EndProject
Project("{FAE04EC0-301F-11D3-BF4B-00C04F79EFBC}") = "Assembly-CSharp", "Assembly-CSharp.csproj", "{87FD13EF-D3E3-6E7B-F614-2E87668A40C5}"
EndProject
Project("{FAE04EC0-301F-11D3-BF4B-00C04F79EFBC}") = "Mirror.Weaver", "Mirror.Weaver.csproj", "{D2456D91-BD47-ECBB-3592-A403A5E5D084}"
EndProject
Project("{FAE04EC0-301F-11D3-BF4B-00C04F79EFBC}") = "Mirror.Editor", "Mirror.Editor.csproj", "{56A467DD-6218-D0C7-7894-A933CA85AD8E}"
EndProject
Project("{FAE04EC0-301F-11D3-BF4B-00C04F79EFBC}") = "Mirror.CompilerSymbols", "Mirror.CompilerSymbols.csproj", "{78E0B110-CB2D-BA35-04F4-D856E597EA9E}"
EndProject
Global
	GlobalSection(SolutionConfigurationPlatforms) = preSolution
		Debug|Any CPU = Debug|Any CPU
		Release|Any CPU = Release|Any CPU
	EndGlobalSection
	GlobalSection(ProjectConfigurationPlatforms) = postSolution
		{A3A658EE-43F5-ACFF-01D5-CFEA965EB6AB}.Debug|Any CPU.ActiveCfg = Debug|Any CPU
		{A3A658EE-43F5-ACFF-01D5-CFEA965EB6AB}.Debug|Any CPU.Build.0 = Debug|Any CPU
		{A3A658EE-43F5-ACFF-01D5-CFEA965EB6AB}.Release|Any CPU.ActiveCfg = Release|Any CPU
		{A3A658EE-43F5-ACFF-01D5-CFEA965EB6AB}.Release|Any CPU.Build.0 = Release|Any CPU
		{F1C58876-1E99-8A06-A58E-F38B65ACADBF}.Debug|Any CPU.ActiveCfg = Debug|Any CPU
		{F1C58876-1E99-8A06-A58E-F38B65ACADBF}.Debug|Any CPU.Build.0 = Debug|Any CPU
		{F1C58876-1E99-8A06-A58E-F38B65ACADBF}.Release|Any CPU.ActiveCfg = Release|Any CPU
		{F1C58876-1E99-8A06-A58E-F38B65ACADBF}.Release|Any CPU.Build.0 = Release|Any CPU
		{B78DDEBF-0F16-F1A2-D8D7-67A3DB5060D5}.Debug|Any CPU.ActiveCfg = Debug|Any CPU
		{B78DDEBF-0F16-F1A2-D8D7-67A3DB5060D5}.Debug|Any CPU.Build.0 = Debug|Any CPU
		{B78DDEBF-0F16-F1A2-D8D7-67A3DB5060D5}.Release|Any CPU.ActiveCfg = Release|Any CPU
		{B78DDEBF-0F16-F1A2-D8D7-67A3DB5060D5}.Release|Any CPU.Build.0 = Release|Any CPU
		{01D41665-8AE6-EF14-19EE-8640B7C05737}.Debug|Any CPU.ActiveCfg = Debug|Any CPU
		{01D41665-8AE6-EF14-19EE-8640B7C05737}.Debug|Any CPU.Build.0 = Debug|Any CPU
		{01D41665-8AE6-EF14-19EE-8640B7C05737}.Release|Any CPU.ActiveCfg = Release|Any CPU
		{01D41665-8AE6-EF14-19EE-8640B7C05737}.Release|Any CPU.Build.0 = Release|Any CPU
		{B20577B1-E586-D518-7D15-22C01744A2F2}.Debug|Any CPU.ActiveCfg = Debug|Any CPU
		{B20577B1-E586-D518-7D15-22C01744A2F2}.Debug|Any CPU.Build.0 = Debug|Any CPU
		{B20577B1-E586-D518-7D15-22C01744A2F2}.Release|Any CPU.ActiveCfg = Release|Any CPU
		{B20577B1-E586-D518-7D15-22C01744A2F2}.Release|Any CPU.Build.0 = Release|Any CPU
		{FCDE5FBE-0C2C-F4AD-0598-854A97F2732F}.Debug|Any CPU.ActiveCfg = Debug|Any CPU
		{FCDE5FBE-0C2C-F4AD-0598-854A97F2732F}.Debug|Any CPU.Build.0 = Debug|Any CPU
		{FCDE5FBE-0C2C-F4AD-0598-854A97F2732F}.Release|Any CPU.ActiveCfg = Release|Any CPU
		{FCDE5FBE-0C2C-F4AD-0598-854A97F2732F}.Release|Any CPU.Build.0 = Release|Any CPU
		{E48B0458-89BA-8105-E8EB-42F89D4768B7}.Debug|Any CPU.ActiveCfg = Debug|Any CPU
		{E48B0458-89BA-8105-E8EB-42F89D4768B7}.Debug|Any CPU.Build.0 = Debug|Any CPU
		{E48B0458-89BA-8105-E8EB-42F89D4768B7}.Release|Any CPU.ActiveCfg = Release|Any CPU
		{E48B0458-89BA-8105-E8EB-42F89D4768B7}.Release|Any CPU.Build.0 = Release|Any CPU
		{D65BD67F-B98F-1237-5B52-7D512265FF7D}.Debug|Any CPU.ActiveCfg = Debug|Any CPU
		{D65BD67F-B98F-1237-5B52-7D512265FF7D}.Debug|Any CPU.Build.0 = Debug|Any CPU
		{D65BD67F-B98F-1237-5B52-7D512265FF7D}.Release|Any CPU.ActiveCfg = Release|Any CPU
		{D65BD67F-B98F-1237-5B52-7D512265FF7D}.Release|Any CPU.Build.0 = Release|Any CPU
		{87B9EEBE-CFA7-C38A-A2D2-95EDDE1C34CC}.Debug|Any CPU.ActiveCfg = Debug|Any CPU
		{87B9EEBE-CFA7-C38A-A2D2-95EDDE1C34CC}.Debug|Any CPU.Build.0 = Debug|Any CPU
		{87B9EEBE-CFA7-C38A-A2D2-95EDDE1C34CC}.Release|Any CPU.ActiveCfg = Release|Any CPU
		{87B9EEBE-CFA7-C38A-A2D2-95EDDE1C34CC}.Release|Any CPU.Build.0 = Release|Any CPU
		{87FD13EF-D3E3-6E7B-F614-2E87668A40C5}.Debug|Any CPU.ActiveCfg = Debug|Any CPU
		{87FD13EF-D3E3-6E7B-F614-2E87668A40C5}.Debug|Any CPU.Build.0 = Debug|Any CPU
		{87FD13EF-D3E3-6E7B-F614-2E87668A40C5}.Release|Any CPU.ActiveCfg = Release|Any CPU
		{87FD13EF-D3E3-6E7B-F614-2E87668A40C5}.Release|Any CPU.Build.0 = Release|Any CPU
		{D2456D91-BD47-ECBB-3592-A403A5E5D084}.Debug|Any CPU.ActiveCfg = Debug|Any CPU
		{D2456D91-BD47-ECBB-3592-A403A5E5D084}.Debug|Any CPU.Build.0 = Debug|Any CPU
		{D2456D91-BD47-ECBB-3592-A403A5E5D084}.Release|Any CPU.ActiveCfg = Release|Any CPU
		{D2456D91-BD47-ECBB-3592-A403A5E5D084}.Release|Any CPU.Build.0 = Release|Any CPU
		{56A467DD-6218-D0C7-7894-A933CA85AD8E}.Debug|Any CPU.ActiveCfg = Debug|Any CPU
		{56A467DD-6218-D0C7-7894-A933CA85AD8E}.Debug|Any CPU.Build.0 = Debug|Any CPU
		{56A467DD-6218-D0C7-7894-A933CA85AD8E}.Release|Any CPU.ActiveCfg = Release|Any CPU
		{56A467DD-6218-D0C7-7894-A933CA85AD8E}.Release|Any CPU.Build.0 = Release|Any CPU
		{78E0B110-CB2D-BA35-04F4-D856E597EA9E}.Debug|Any CPU.ActiveCfg = Debug|Any CPU
		{78E0B110-CB2D-BA35-04F4-D856E597EA9E}.Debug|Any CPU.Build.0 = Debug|Any CPU
		{78E0B110-CB2D-BA35-04F4-D856E597EA9E}.Release|Any CPU.ActiveCfg = Release|Any CPU
		{78E0B110-CB2D-BA35-04F4-D856E597EA9E}.Release|Any CPU.Build.0 = Release|Any CPU
	EndGlobalSection
	GlobalSection(SolutionProperties) = preSolution
		HideSolutionNode = FALSE
	EndGlobalSection
EndGlobal
